github.com/mjwhitta/cli v1.12.5 h1:ybz3DY+KeRmhAHyFRapWxKYY12ehALnjjbC1oj8g8Mg=
github.com/mjwhitta/cli v1.12.5/go.mod h1:497aphw0WscFzb+b0S5R5U8r7yEo6aYQSe9p2WVfk0A=
github.com/mjwhitta/errors v1.0.3 h1:0+L8/7ypucj6ufBNt8Rm2qPvJ9qwmS+TtgOJYCYb6Sw=
github.com/mjwhitta/errors v1.0.3/go.mod h1:VxHM8bLMPVqkvHiYQq4Nq4sjNqPjUtKLhSF2I0wve5U=
github.com/mjwhitta/hilighter v1.11.10 h1:PjOI00Kr+NY2SpzqQMzOjZcTOJV6uurGibUq8mhRnRo=
github.com/mjwhitta/hilighter v1.11.10/go.mod h1:/6nqATH7zdFK+CDzYKdSzA0oXR+DGDHBME/Jktc5FoA=
github.com/mjwhitta/log v1.6.10 h1:HJGV+7sPLsiMwbfKFp+JZ1ulzk1j7ciS99/D7HX6HM0=
github.com/mjwhitta/log v1.6.10/go.mod h1:YT8YtwmqctTAquuAd/eNKQ49G6L3nYbQiujAEA9V95E=
github.com/mjwhitta/win v0.24.5 h1:BcJ4FpZz/zJajJ443p+pLk6TLlWz/xIMCf7ekCR7zNo=
github.com/mjwhitta/win v0.24.5/go.mod h1:5A49p918nj/RHzvj72LLHbMnoLWRE440Mn+KPGMtzzI=
golang.org/x/sys v0.21.0 h1:rF+pYz3DAGSQAxAu1CbC7catZg4ebC4UIeIhKxBZvws=
golang.org/x/sys v0.21.0/go.mod h1:/VUhepiaJMQUp4+oa/7Zr1D23ma6VTLIYjOOTFZPUcA=
