github.com/mjwhitta/cli v1.11.0 h1:Y38x9ZMq6FZMRTcUSJDV35sDu2kAlkz4Nwf4fX9Owww=
github.com/mjwhitta/cli v1.11.0/go.mod h1:NnyhgKZy85L4PVuZBC+gi2b8bSty0lglc/0jyWAHdUw=
github.com/mjwhitta/errors v1.0.2 h1:5QmN4kKfFwYiSsdASDmoi3ie7HesdU7pNDqlhXE9nuU=
github.com/mjwhitta/errors v1.0.2/go.mod h1:VxHM8bLMPVqkvHiYQq4Nq4sjNqPjUtKLhSF2I0wve5U=
github.com/mjwhitta/hilighter v1.11.3 h1:2r6t8CdSU9HUamK73R1RR9jmH+7QYkh8XGFXZetVCyI=
github.com/mjwhitta/hilighter v1.11.3/go.mod h1:/PQ6zrYVQSuX8s9j05nnjQB+kM4+nj3alMYcxyqFAnY=
github.com/mjwhitta/log v1.6.4 h1:lc/7UK9i7hfjVhQSiWhRvgcpqt3X9CoXNGP59bAs06c=
github.com/mjwhitta/log v1.6.4/go.mod h1:/+6cIdTt1mlWG6QNIIXfDdj4Gw0eoPrNEzHEtETiZYQ=
github.com/mjwhitta/win v0.12.1 h1:JotNBIDIJ5uamotwwdWPiW/uiccnoO6nSodaKKVFlYk=
github.com/mjwhitta/win v0.12.1/go.mod h1:8pxUv5r+2ekZi1zwbhbbtixWJ6pMMpA2QnEkdikd72s=
golang.org/x/sys v0.10.0 h1:SqMFp9UcQJZa+pmYuAKjd9xq1f0j5rLcDIk0mj4qAsA=
golang.org/x/sys v0.10.0/go.mod h1:oPkhp1MJrh7nUepCBck5+mAzfO9JrbApNNgaTdGDITg=
