github.com/mjwhitta/cli v1.12.3 h1:3j+QWNnOJMNwQuSFAHkiynvJ4NuGVarlml701afmKv4=
github.com/mjwhitta/cli v1.12.3/go.mod h1:NnyhgKZy85L4PVuZBC+gi2b8bSty0lglc/0jyWAHdUw=
github.com/mjwhitta/errors v1.0.2 h1:5QmN4kKfFwYiSsdASDmoi3ie7HesdU7pNDqlhXE9nuU=
github.com/mjwhitta/errors v1.0.2/go.mod h1:VxHM8bLMPVqkvHiYQq4Nq4sjNqPjUtKLhSF2I0wve5U=
github.com/mjwhitta/hilighter v1.11.8 h1:NLuAItqEYrTR+KoWJWgjCN7q16AFbQ+18jxhaddsR/I=
github.com/mjwhitta/hilighter v1.11.8/go.mod h1:Pu8Izc9swJE44ffH4qK7xuKs1cRY+n+YeEvJzx4S/Nw=
github.com/mjwhitta/log v1.6.8 h1:ffV22/CMHi/uIZEaLNFeJgFdwVnmsr3wnMPef9RvoJ0=
github.com/mjwhitta/log v1.6.8/go.mod h1:RE1+QOB5/UTbWZyTSp+npWK01/8bIJORZZdJaJhwoN8=
github.com/mjwhitta/win v0.17.1 h1:HGSnuEJ3YEKvG98jSP30r9CKYj+4Vlq9B0pmDazc7mo=
github.com/mjwhitta/win v0.17.1/go.mod h1:4qTZg5NGGpvC4V4SUHQrQYsU4QXd8lr0zGIXNVqQJ30=
golang.org/x/sys v0.18.0 h1:DBdB3niSjOA/O0blCZBqDefyWNYveAYMNF1Wum0DYQ4=
golang.org/x/sys v0.18.0/go.mod h1:/VUhepiaJMQUp4+oa/7Zr1D23ma6VTLIYjOOTFZPUcA=
